// !$*UTF8*$!
{
	archiveVersion = 1;
	classes = {
	};
	objectVersion = 50;
	objects = {

/* Begin PBXBuildFile section */
		8C8C80472187F86700DE85D5 /* AppDelegate.swift in Sources */ = {isa = PBXBuildFile; fileRef = 8C8C80462187F86700DE85D5 /* AppDelegate.swift */; };
		8C8C80492187F86700DE85D5 /* ViewController.swift in Sources */ = {isa = PBXBuildFile; fileRef = 8C8C80482187F86700DE85D5 /* ViewController.swift */; };
		8C8C804C2187F86700DE85D5 /* Main.storyboard in Resources */ = {isa = PBXBuildFile; fileRef = 8C8C804A2187F86700DE85D5 /* Main.storyboard */; };
		8C8C804E2187F88700DE85D5 /* Assets.xcassets in Resources */ = {isa = PBXBuildFile; fileRef = 8C8C804D2187F88700DE85D5 /* Assets.xcassets */; };
		8C8C80512187F88700DE85D5 /* LaunchScreen.storyboard in Resources */ = {isa = PBXBuildFile; fileRef = 8C8C804F2187F88700DE85D5 /* LaunchScreen.storyboard */; };
		8C8C805C2187F88900DE85D5 /* SwitfDemoTests.swift in Sources */ = {isa = PBXBuildFile; fileRef = 8C8C805B2187F88900DE85D5 /* SwitfDemoTests.swift */; };
		8C8C80672187F88900DE85D5 /* SwitfDemoUITests.swift in Sources */ = {isa = PBXBuildFile; fileRef = 8C8C80662187F88900DE85D5 /* SwitfDemoUITests.swift */; };
/* End PBXBuildFile section */

/* Begin PBXContainerItemProxy section */
		8C8C80582187F88900DE85D5 /* PBXContainerItemProxy */ = {
			isa = PBXContainerItemProxy;
			containerPortal = 8C8C803B2187F86700DE85D5 /* Project object */;
			proxyType = 1;
			remoteGlobalIDString = 8C8C80422187F86700DE85D5;
			remoteInfo = SwitfDemo;
		};
		8C8C80632187F88900DE85D5 /* PBXContainerItemProxy */ = {
			isa = PBXContainerItemProxy;
			containerPortal = 8C8C803B2187F86700DE85D5 /* Project object */;
			proxyType = 1;
			remoteGlobalIDString = 8C8C80422187F86700DE85D5;
			remoteInfo = SwitfDemo;
		};
/* End PBXContainerItemProxy section */

/* Begin PBXFileReference section */
		8C8C80432187F86700DE85D5 /* SwitfDemo.app */ = {isa = PBXFileReference; explicitFileType = wrapper.application; includeInIndex = 0; path = SwitfDemo.app; sourceTree = BUILT_PRODUCTS_DIR; };
		8C8C80462187F86700DE85D5 /* AppDelegate.swift */ = {isa = PBXFileReference; lastKnownFileType = sourcecode.swift; path = AppDelegate.swift; sourceTree = "<group>"; };
		8C8C80482187F86700DE85D5 /* ViewController.swift */ = {isa = PBXFileReference; lastKnownFileType = sourcecode.swift; path = ViewController.swift; sourceTree = "<group>"; wrapsLines = 0; };
		8C8C804B2187F86700DE85D5 /* Base */ = {isa = PBXFileReference; lastKnownFileType = file.storyboard; name = Base; path = Base.lproj/Main.storyboard; sourceTree = "<group>"; };
		8C8C804D2187F88700DE85D5 /* Assets.xcassets */ = {isa = PBXFileReference; lastKnownFileType = folder.assetcatalog; path = Assets.xcassets; sourceTree = "<group>"; };
		8C8C80502187F88700DE85D5 /* Base */ = {isa = PBXFileReference; lastKnownFileType = file.storyboard; name = Base; path = Base.lproj/LaunchScreen.storyboard; sourceTree = "<group>"; };
		8C8C80522187F88700DE85D5 /* Info.plist */ = {isa = PBXFileReference; lastKnownFileType = text.plist.xml; path = Info.plist; sourceTree = "<group>"; };
		8C8C80572187F88900DE85D5 /* SwitfDemoTests.xctest */ = {isa = PBXFileReference; explicitFileType = wrapper.cfbundle; includeInIndex = 0; path = SwitfDemoTests.xctest; sourceTree = BUILT_PRODUCTS_DIR; };
		8C8C805B2187F88900DE85D5 /* SwitfDemoTests.swift */ = {isa = PBXFileReference; lastKnownFileType = sourcecode.swift; path = SwitfDemoTests.swift; sourceTree = "<group>"; };
		8C8C805D2187F88900DE85D5 /* Info.plist */ = {isa = PBXFileReference; lastKnownFileType = text.plist.xml; path = Info.plist; sourceTree = "<group>"; };
		8C8C80622187F88900DE85D5 /* SwitfDemoUITests.xctest */ = {isa = PBXFileReference; explicitFileType = wrapper.cfbundle; includeInIndex = 0; path = SwitfDemoUITests.xctest; sourceTree = BUILT_PRODUCTS_DIR; };
		8C8C80662187F88900DE85D5 /* SwitfDemoUITests.swift */ = {isa = PBXFileReference; lastKnownFileType = sourcecode.swift; path = SwitfDemoUITests.swift; sourceTree = "<group>"; };
		8C8C80682187F88900DE85D5 /* Info.plist */ = {isa = PBXFileReference; lastKnownFileType = text.plist.xml; path = Info.plist; sourceTree = "<group>"; };
/* End PBXFileReference section */

/* Begin PBXFrameworksBuildPhase section */
		8C8C80402187F86700DE85D5 /* Frameworks */ = {
			isa = PBXFrameworksBuildPhase;
			buildActionMask = 2147483647;
			files = (
			);
			runOnlyForDeploymentPostprocessing = 0;
		};
		8C8C80542187F88900DE85D5 /* Frameworks */ = {
			isa = PBXFrameworksBuildPhase;
			buildActionMask = 2147483647;
			files = (
			);
			runOnlyForDeploymentPostprocessing = 0;
		};
		8C8C805F2187F88900DE85D5 /* Frameworks */ = {
			isa = PBXFrameworksBuildPhase;
			buildActionMask = 2147483647;
			files = (
			);
			runOnlyForDeploymentPostprocessing = 0;
		};
/* End PBXFrameworksBuildPhase section */

/* Begin PBXGroup section */
		8C8C803A2187F86700DE85D5 = {
			isa = PBXGroup;
			children = (
				8C8C80452187F86700DE85D5 /* SwitfDemo */,
				8C8C805A2187F88900DE85D5 /* SwitfDemoTests */,
				8C8C80652187F88900DE85D5 /* SwitfDemoUITests */,
				8C8C80442187F86700DE85D5 /* Products */,
			);
			sourceTree = "<group>";
		};
		8C8C80442187F86700DE85D5 /* Products */ = {
			isa = PBXGroup;
			children = (
				8C8C80432187F86700DE85D5 /* SwitfDemo.app */,
				8C8C80572187F88900DE85D5 /* SwitfDemoTests.xctest */,
				8C8C80622187F88900DE85D5 /* SwitfDemoUITests.xctest */,
			);
			name = Products;
			sourceTree = "<group>";
		};
		8C8C80452187F86700DE85D5 /* SwitfDemo */ = {
			isa = PBXGroup;
			children = (
				8C8C80462187F86700DE85D5 /* AppDelegate.swift */,
				8C8C80482187F86700DE85D5 /* ViewController.swift */,
				8C8C804A2187F86700DE85D5 /* Main.storyboard */,
				8C8C804D2187F88700DE85D5 /* Assets.xcassets */,
				8C8C804F2187F88700DE85D5 /* LaunchScreen.storyboard */,
				8C8C80522187F88700DE85D5 /* Info.plist */,
			);
			path = SwitfDemo;
			sourceTree = "<group>";
		};
		8C8C805A2187F88900DE85D5 /* SwitfDemoTests */ = {
			isa = PBXGroup;
			children = (
				8C8C805B2187F88900DE85D5 /* SwitfDemoTests.swift */,
				8C8C805D2187F88900DE85D5 /* Info.plist */,
			);
			path = SwitfDemoTests;
			sourceTree = "<group>";
		};
		8C8C80652187F88900DE85D5 /* SwitfDemoUITests */ = {
			isa = PBXGroup;
			children = (
				8C8C80662187F88900DE85D5 /* SwitfDemoUITests.swift */,
				8C8C80682187F88900DE85D5 /* Info.plist */,
			);
			path = SwitfDemoUITests;
			sourceTree = "<group>";
		};
/* End PBXGroup section */

/* Begin PBXNativeTarget section */
		8C8C80422187F86700DE85D5 /* SwitfDemo */ = {
			isa = PBXNativeTarget;
			buildConfigurationList = 8C8C806B2187F88900DE85D5 /* Build configuration list for PBXNativeTarget "SwitfDemo" */;
			buildPhases = (
				8C8C803F2187F86700DE85D5 /* Sources */,
				8C8C80402187F86700DE85D5 /* Frameworks */,
				8C8C80412187F86700DE85D5 /* Resources */,
			);
			buildRules = (
			);
			dependencies = (
			);
			name = SwitfDemo;
			productName = SwitfDemo;
			productReference = 8C8C80432187F86700DE85D5 /* SwitfDemo.app */;
			productType = "com.apple.product-type.application";
		};
		8C8C80562187F88900DE85D5 /* SwitfDemoTests */ = {
			isa = PBXNativeTarget;
			buildConfigurationList = 8C8C806E2187F88900DE85D5 /* Build configuration list for PBXNativeTarget "SwitfDemoTests" */;
			buildPhases = (
				8C8C80532187F88900DE85D5 /* Sources */,
				8C8C80542187F88900DE85D5 /* Frameworks */,
				8C8C80552187F88900DE85D5 /* Resources */,
			);
			buildRules = (
			);
			dependencies = (
				8C8C80592187F88900DE85D5 /* PBXTargetDependency */,
			);
			name = SwitfDemoTests;
			productName = SwitfDemoTests;
			productReference = 8C8C80572187F88900DE85D5 /* SwitfDemoTests.xctest */;
			productType = "com.apple.product-type.bundle.unit-test";
		};
		8C8C80612187F88900DE85D5 /* SwitfDemoUITests */ = {
			isa = PBXNativeTarget;
			buildConfigurationList = 8C8C80712187F88900DE85D5 /* Build configuration list for PBXNativeTarget "SwitfDemoUITests" */;
			buildPhases = (
				8C8C805E2187F88900DE85D5 /* Sources */,
				8C8C805F2187F88900DE85D5 /* Frameworks */,
				8C8C80602187F88900DE85D5 /* Resources */,
			);
			buildRules = (
			);
			dependencies = (
				8C8C80642187F88900DE85D5 /* PBXTargetDependency */,
			);
			name = SwitfDemoUITests;
			productName = SwitfDemoUITests;
			productReference = 8C8C80622187F88900DE85D5 /* SwitfDemoUITests.xctest */;
			productType = "com.apple.product-type.bundle.ui-testing";
		};
/* End PBXNativeTarget section */

/* Begin PBXProject section */
		8C8C803B2187F86700DE85D5 /* Project object */ = {
			isa = PBXProject;
			attributes = {
				LastSwiftUpdateCheck = 1000;
				LastUpgradeCheck = 1000;
				ORGANIZATIONNAME = HCQ;
				TargetAttributes = {
					8C8C80422187F86700DE85D5 = {
						CreatedOnToolsVersion = 10.0;
					};
					8C8C80562187F88900DE85D5 = {
						CreatedOnToolsVersion = 10.0;
						TestTargetID = 8C8C80422187F86700DE85D5;
					};
					8C8C80612187F88900DE85D5 = {
						CreatedOnToolsVersion = 10.0;
						TestTargetID = 8C8C80422187F86700DE85D5;
					};
				};
			};
			buildConfigurationList = 8C8C803E2187F86700DE85D5 /* Build configuration list for PBXProject "SwitfDemo" */;
			compatibilityVersion = "Xcode 9.3";
			developmentRegion = en;
			hasScannedForEncodings = 0;
			knownRegions = (
				en,
				Base,
			);
			mainGroup = 8C8C803A2187F86700DE85D5;
			productRefGroup = 8C8C80442187F86700DE85D5 /* Products */;
			projectDirPath = "";
			projectRoot = "";
			targets = (
				8C8C80422187F86700DE85D5 /* SwitfDemo */,
				8C8C80562187F88900DE85D5 /* SwitfDemoTests */,
				8C8C80612187F88900DE85D5 /* SwitfDemoUITests */,
			);
		};
/* End PBXProject section */

/* Begin PBXResourcesBuildPhase section */
		8C8C80412187F86700DE85D5 /* Resources */ = {
			isa = PBXResourcesBuildPhase;
			buildActionMask = 2147483647;
			files = (
				8C8C80512187F88700DE85D5 /* LaunchScreen.storyboard in Resources */,
				8C8C804E2187F88700DE85D5 /* Assets.xcassets in Resources */,
				8C8C804C2187F86700DE85D5 /* Main.storyboard in Resources */,
			);
			runOnlyForDeploymentPostprocessing = 0;
		};
		8C8C80552187F88900DE85D5 /* Resources */ = {
			isa = PBXResourcesBuildPhase;
			buildActionMask = 2147483647;
			files = (
			);
			runOnlyForDeploymentPostprocessing = 0;
		};
		8C8C80602187F88900DE85D5 /* Resources */ = {
			isa = PBXResourcesBuildPhase;
			buildActionMask = 2147483647;
			files = (
			);
			runOnlyForDeploymentPostprocessing = 0;
		};
/* End PBXResourcesBuildPhase section */

/* Begin PBXSourcesBuildPhase section */
		8C8C803F2187F86700DE85D5 /* Sources */ = {
			isa = PBXSourcesBuildPhase;
			buildActionMask = 2147483647;
			files = (
				8C8C80492187F86700DE85D5 /* ViewController.swift in Sources */,
				8C8C80472187F86700DE85D5 /* AppDelegate.swift in Sources */,
			);
			runOnlyForDeploymentPostprocessing = 0;
		};
		8C8C80532187F88900DE85D5 /* Sources */ = {
			isa = PBXSourcesBuildPhase;
			buildActionMask = 2147483647;
			files = (
				8C8C805C2187F88900DE85D5 /* SwitfDemoTests.swift in Sources */,
			);
			runOnlyForDeploymentPostprocessing = 0;
		};
		8C8C805E2187F88900DE85D5 /* Sources */ = {
			isa = PBXSourcesBuildPhase;
			buildActionMask = 2147483647;
			files = (
				8C8C80672187F88900DE85D5 /* SwitfDemoUITests.swift in Sources */,
			);
			runOnlyForDeploymentPostprocessing = 0;
		};
/* End PBXSourcesBuildPhase section */

/* Begin PBXTargetDependency section */
		8C8C80592187F88900DE85D5 /* PBXTargetDependency */ = {
			isa = PBXTargetDependency;
			target = 8C8C80422187F86700DE85D5 /* SwitfDemo */;
			targetProxy = 8C8C80582187F88900DE85D5 /* PBXContainerItemProxy */;
		};
		8C8C80642187F88900DE85D5 /* PBXTargetDependency */ = {
			isa = PBXTargetDependency;
			target = 8C8C80422187F86700DE85D5 /* SwitfDemo */;
			targetProxy = 8C8C80632187F88900DE85D5 /* PBXContainerItemProxy */;
		};
/* End PBXTargetDependency section */

/* Begin PBXVariantGroup section */
		8C8C804A2187F86700DE85D5 /* Main.storyboard */ = {
			isa = PBXVariantGroup;
			children = (
				8C8C804B2187F86700DE85D5 /* Base */,
			);
			name = Main.storyboard;
			sourceTree = "<group>";
		};
		8C8C804F2187F88700DE85D5 /* LaunchScreen.storyboard */ = {
			isa = PBXVariantGroup;
			children = (
				8C8C80502187F88700DE85D5 /* Base */,
			);
			name = LaunchScreen.storyboard;
			sourceTree = "<group>";
		};
/* End PBXVariantGroup section */

/* Begin XCBuildConfiguration section */
		8C8C80692187F88900DE85D5 /* Debug */ = {
			isa = XCBuildConfiguration;
			buildSettings = {
				ALWAYS_SEARCH_USER_PATHS = NO;
				CLANG_ANALYZER_NONNULL = YES;
				CLANG_ANALYZER_NUMBER_OBJECT_CONVERSION = YES_AGGRESSIVE;
				CLANG_CXX_LANGUAGE_STANDARD = "gnu++14";
				CLANG_CXX_LIBRARY = "libc++";
				CLANG_ENABLE_MODULES = YES;
				CLANG_ENABLE_OBJC_ARC = YES;
				CLANG_ENABLE_OBJC_WEAK = YES;
				CLANG_WARN_BLOCK_CAPTURE_AUTORELEASING = YES;
				CLANG_WARN_BOOL_CONVERSION = YES;
				CLANG_WARN_COMMA = YES;
				CLANG_WARN_CONSTANT_CONVERSION = YES;
				CLANG_WARN_DEPRECATED_OBJC_IMPLEMENTATIONS = YES;
				CLANG_WARN_DIRECT_OBJC_ISA_USAGE = YES_ERROR;
				CLANG_WARN_DOCUMENTATION_COMMENTS = YES;
				CLANG_WARN_EMPTY_BODY = YES;
				CLANG_WARN_ENUM_CONVERSION = YES;
				CLANG_WARN_INFINITE_RECURSION = YES;
				CLANG_WARN_INT_CONVERSION = YES;
				CLANG_WARN_NON_LITERAL_NULL_CONVERSION = YES;
				CLANG_WARN_OBJC_IMPLICIT_RETAIN_SELF = YES;
				CLANG_WARN_OBJC_LITERAL_CONVERSION = YES;
				CLANG_WARN_OBJC_ROOT_CLASS = YES_ERROR;
				CLANG_WARN_RANGE_LOOP_ANALYSIS = YES;
				CLANG_WARN_STRICT_PROTOTYPES = YES;
				CLANG_WARN_SUSPICIOUS_MOVE = YES;
				CLANG_WARN_UNGUARDED_AVAILABILITY = YES_AGGRESSIVE;
				CLANG_WARN_UNREACHABLE_CODE = YES;
				CLANG_WARN__DUPLICATE_METHOD_MATCH = YES;
				CODE_SIGN_IDENTITY = "iPhone Developer";
				COPY_PHASE_STRIP = NO;
				DEBUG_INFORMATION_FORMAT = dwarf;
				ENABLE_STRICT_OBJC_MSGSEND = YES;
				ENABLE_TESTABILITY = YES;
				GCC_C_LANGUAGE_STANDARD = gnu11;
				GCC_DYNAMIC_NO_PIC = NO;
				GCC_NO_COMMON_BLOCKS = YES;
				GCC_OPTIMIZATION_LEVEL = 0;
				GCC_PREPROCESSOR_DEFINITIONS = (
					"DEBUG=1",
					"$(inherited)",
				);
				GCC_WARN_64_TO_32_BIT_CONVERSION = YES;
				GCC_WARN_ABOUT_RETURN_TYPE = YES_ERROR;
				GCC_WARN_UNDECLARED_SELECTOR = YES;
				GCC_WARN_UNINITIALIZED_AUTOS = YES_AGGRESSIVE;
				GCC_WARN_UNUSED_FUNCTION = YES;
				GCC_WARN_UNUSED_VARIABLE = YES;
				IPHONEOS_DEPLOYMENT_TARGET = 12.0;
				MTL_ENABLE_DEBUG_INFO = INCLUDE_SOURCE;
				MTL_FAST_MATH = YES;
				ONLY_ACTIVE_ARCH = YES;
				SDKROOT = iphoneos;
				SWIFT_ACTIVE_COMPILATION_CONDITIONS = DEBUG;
				SWIFT_OPTIMIZATION_LEVEL = "-Onone";
			};
			name = Debug;
		};
		8C8C806A2187F88900DE85D5 /* Release */ = {
			isa = XCBuildConfiguration;
			buildSettings = {
				ALWAYS_SEARCH_USER_PATHS = NO;
				CLANG_ANALYZER_NONNULL = YES;
				CLANG_ANALYZER_NUMBER_OBJECT_CONVERSION = YES_AGGRESSIVE;
				CLANG_CXX_LANGUAGE_STANDARD = "gnu++14";
				CLANG_CXX_LIBRARY = "libc++";
				CLANG_ENABLE_MODULES = YES;
				CLANG_ENABLE_OBJC_ARC = YES;
				CLANG_ENABLE_OBJC_WEAK = YES;
				CLANG_WARN_BLOCK_CAPTURE_AUTORELEASING = YES;
				CLANG_WARN_BOOL_CONVERSION = YES;
				CLANG_WARN_COMMA = YES;
				CLANG_WARN_CONSTANT_CONVERSION = YES;
				CLANG_WARN_DEPRECATED_OBJC_IMPLEMENTATIONS = YES;
				CLANG_WARN_DIRECT_OBJC_ISA_USAGE = YES_ERROR;
				CLANG_WARN_DOCUMENTATION_COMMENTS = YES;
				CLANG_WARN_EMPTY_BODY = YES;
				CLANG_WARN_ENUM_CONVERSION = YES;
				CLANG_WARN_INFINITE_RECURSION = YES;
				CLANG_WARN_INT_CONVERSION = YES;
				CLANG_WARN_NON_LITERAL_NULL_CONVERSION = YES;
				CLANG_WARN_OBJC_IMPLICIT_RETAIN_SELF = YES;
				CLANG_WARN_OBJC_LITERAL_CONVERSION = YES;
				CLANG_WARN_OBJC_ROOT_CLASS = YES_ERROR;
				CLANG_WARN_RANGE_LOOP_ANALYSIS = YES;
				CLANG_WARN_STRICT_PROTOTYPES = YES;
				CLANG_WARN_SUSPICIOUS_MOVE = YES;
				CLANG_WARN_UNGUARDED_AVAILABILITY = YES_AGGRESSIVE;
				CLANG_WARN_UNREACHABLE_CODE = YES;
				CLANG_WARN__DUPLICATE_METHOD_MATCH = YES;
				CODE_SIGN_IDENTITY = "iPhone Developer";
				COPY_PHASE_STRIP = NO;
				DEBUG_INFORMATION_FORMAT = "dwarf-with-dsym";
				ENABLE_NS_ASSERTIONS = NO;
				ENABLE_STRICT_OBJC_MSGSEND = YES;
				GCC_C_LANGUAGE_STANDARD = gnu11;
				GCC_NO_COMMON_BLOCKS = YES;
				GCC_WARN_64_TO_32_BIT_CONVERSION = YES;
				GCC_WARN_ABOUT_RETURN_TYPE = YES_ERROR;
				GCC_WARN_UNDECLARED_SELECTOR = YES;
				GCC_WARN_UNINITIALIZED_AUTOS = YES_AGGRESSIVE;
				GCC_WARN_UNUSED_FUNCTION = YES;
				GCC_WARN_UNUSED_VARIABLE = YES;
				IPHONEOS_DEPLOYMENT_TARGET = 12.0;
				MTL_ENABLE_DEBUG_INFO = NO;
				MTL_FAST_MATH = YES;
				SDKROOT = iphoneos;
				SWIFT_COMPILATION_MODE = wholemodule;
				SWIFT_OPTIMIZATION_LEVEL = "-O";
				VALIDATE_PRODUCT = YES;
			};
			name = Release;
		};
		8C8C806C2187F88900DE85D5 /* Debug */ = {
			isa = XCBuildConfiguration;
			buildSettings = {
				ASSETCATALOG_COMPILER_APPICON_NAME = AppIcon;
				CODE_SIGN_STYLE = Automatic;
				DEVELOPMENT_TEAM = BVW36G4256;
				INFOPLIST_FILE = SwitfDemo/Info.plist;
				LD_RUNPATH_SEARCH_PATHS = (
					"$(inherited)",
					"@executable_path/Frameworks",
				);
				PRODUCT_BUNDLE_IDENTIFIER = VTZN.SwitfDemo;
				PRODUCT_NAME = "$(TARGET_NAME)";
				SWIFT_VERSION = 4.2;
				TARGETED_DEVICE_FAMILY = "1,2";
			};
			name = Debug;
		};
		8C8C806D2187F88900DE85D5 /* Release */ = {
			isa = XCBuildConfiguration;
			buildSettings = {
				ASSETCATALOG_COMPILER_APPICON_NAME = AppIcon;
				CODE_SIGN_STYLE = Automatic;
				DEVELOPMENT_TEAM = BVW36G4256;
				INFOPLIST_FILE = SwitfDemo/Info.plist;
				LD_RUNPATH_SEARCH_PATHS = (
					"$(inherited)",
					"@executable_path/Frameworks",
				);
				PRODUCT_BUNDLE_IDENTIFIER = VTZN.SwitfDemo;
				PRODUCT_NAME = "$(TARGET_NAME)";
				SWIFT_VERSION = 4.2;
				TARGETED_DEVICE_FAMILY = "1,2";
			};
			name = Release;
		};
		8C8C806F2187F88900DE85D5 /* Debug */ = {
			isa = XCBuildConfiguration;
			buildSettings = {
				ALWAYS_EMBED_SWIFT_STANDARD_LIBRARIES = YES;
				BUNDLE_LOADER = "$(TEST_HOST)";
				CODE_SIGN_STYLE = Automatic;
				INFOPLIST_FILE = SwitfDemoTests/Info.plist;
				LD_RUNPATH_SEARCH_PATHS = (
					"$(inherited)",
					"@executable_path/Frameworks",
					"@loader_path/Frameworks",
				);
				PRODUCT_BUNDLE_IDENTIFIER = VTZN.SwitfDemoTests;
				PRODUCT_NAME = "$(TARGET_NAME)";
				SWIFT_VERSION = 4.2;
				TARGETED_DEVICE_FAMILY = "1,2";
				TEST_HOST = "$(BUILT_PRODUCTS_DIR)/SwitfDemo.app/SwitfDemo";
			};
			name = Debug;
		};
		8C8C80702187F88900DE85D5 /* Release */ = {
			isa = XCBuildConfiguration;
			buildSettings = {
				ALWAYS_EMBED_SWIFT_STANDARD_LIBRARIES = YES;
				BUNDLE_LOADER = "$(TEST_HOST)";
				CODE_SIGN_STYLE = Automatic;
				INFOPLIST_FILE = SwitfDemoTests/Info.plist;
				LD_RUNPATH_SEARCH_PATHS = (
					"$(inherited)",
					"@executable_path/Frameworks",
					"@loader_path/Frameworks",
				);
				PRODUCT_BUNDLE_IDENTIFIER = VTZN.SwitfDemoTests;
				PRODUCT_NAME = "$(TARGET_NAME)";
				SWIFT_VERSION = 4.2;
				TARGETED_DEVICE_FAMILY = "1,2";
				TEST_HOST = "$(BUILT_PRODUCTS_DIR)/SwitfDemo.app/SwitfDemo";
			};
			name = Release;
		};
		8C8C80722187F88900DE85D5 /* Debug */ = {
			isa = XCBuildConfiguration;
			buildSettings = {
				ALWAYS_EMBED_SWIFT_STANDARD_LIBRARIES = YES;
				CODE_SIGN_STYLE = Automatic;
				INFOPLIST_FILE = SwitfDemoUITests/Info.plist;
				LD_RUNPATH_SEARCH_PATHS = (
					"$(inherited)",
					"@executable_path/Frameworks",
					"@loader_path/Frameworks",
				);
				PRODUCT_BUNDLE_IDENTIFIER = VTZN.SwitfDemoUITests;
				PRODUCT_NAME = "$(TARGET_NAME)";
				SWIFT_VERSION = 4.2;
				TARGETED_DEVICE_FAMILY = "1,2";
				TEST_TARGET_NAME = SwitfDemo;
			};
			name = Debug;
		};
		8C8C80732187F88900DE85D5 /* Release */ = {
			isa = XCBuildConfiguration;
			buildSettings = {
				ALWAYS_EMBED_SWIFT_STANDARD_LIBRARIES = YES;
				CODE_SIGN_STYLE = Automatic;
				INFOPLIST_FILE = SwitfDemoUITests/Info.plist;
				LD_RUNPATH_SEARCH_PATHS = (
					"$(inherited)",
					"@executable_path/Frameworks",
					"@loader_path/Frameworks",
				);
				PRODUCT_BUNDLE_IDENTIFIER = VTZN.SwitfDemoUITests;
				PRODUCT_NAME = "$(TARGET_NAME)";
				SWIFT_VERSION = 4.2;
				TARGETED_DEVICE_FAMILY = "1,2";
				TEST_TARGET_NAME = SwitfDemo;
			};
			name = Release;
		};
/* End XCBuildConfiguration section */

/* Begin XCConfigurationList section */
		8C8C803E2187F86700DE85D5 /* Build configuration list for PBXProject "SwitfDemo" */ = {
			isa = XCConfigurationList;
			buildConfigurations = (
				8C8C80692187F88900DE85D5 /* Debug */,
				8C8C806A2187F88900DE85D5 /* Release */,
			);
			defaultConfigurationIsVisible = 0;
			defaultConfigurationName = Release;
		};
		8C8C806B2187F88900DE85D5 /* Build configuration list for PBXNativeTarget "SwitfDemo" */ = {
			isa = XCConfigurationList;
			buildConfigurations = (
				8C8C806C2187F88900DE85D5 /* Debug */,
				8C8C806D2187F88900DE85D5 /* Release */,
			);
			defaultConfigurationIsVisible = 0;
			defaultConfigurationName = Release;
		};
		8C8C806E2187F88900DE85D5 /* Build configuration list for PBXNativeTarget "SwitfDemoTests" */ = {
			isa = XCConfigurationList;
			buildConfigurations = (
				8C8C806F2187F88900DE85D5 /* Debug */,
				8C8C80702187F88900DE85D5 /* Release */,
			);
			defaultConfigurationIsVisible = 0;
			defaultConfigurationName = Release;
		};
		8C8C80712187F88900DE85D5 /* Build configuration list for PBXNativeTarget "SwitfDemoUITests" */ = {
			isa = XCConfigurationList;
			buildConfigurations = (
				8C8C80722187F88900DE85D5 /* Debug */,
				8C8C80732187F88900DE85D5 /* Release */,
			);
			defaultConfigurationIsVisible = 0;
			defaultConfigurationName = Release;
		};
/* End XCConfigurationList section */
	};
	rootObject = 8C8C803B2187F86700DE85D5 /* Project object */;
}
